
Microsoft Visual Studio Solution File, Format Version 12.00
# Visual Studio Version 17
VisualStudioVersion = 17.3.32929.385
MinimumVisualStudioVersion = 10.0.40219.1
Project("{FAE04EC0-301F-11D3-BF4B-00C04F79EFBC}") = "Angular_BE_API", "Angular_BE_API\Angular_BE_API.csproj", "{2259544A-01EF-43D9-AC72-D20D82DE6518}"
EndProject
Project("{2150E333-8FDC-42A3-9474-1A3956D46DE8}") = "01_Domain", "01_Domain", "{5E7052CA-3247-4BE3-B69A-71FDAE537586}"
EndProject
Project("{2150E333-8FDC-42A3-9474-1A3956D46DE8}") = "02_App", "02_App", "{13E8E51D-040E-4E7B-BE93-A2CE5E81B88F}"
EndProject
Project("{2150E333-8FDC-42A3-9474-1A3956D46DE8}") = "03_Infrastructure", "03_Infrastructure", "{7B34CA18-9167-44C6-AFF6-BFE1A891DC78}"
EndProject
Project("{2150E333-8FDC-42A3-9474-1A3956D46DE8}") = "05_API", "05_API", "{1B49EE88-45E1-455D-B743-2FC0A16DF38D}"
EndProject
Project("{2150E333-8FDC-42A3-9474-1A3956D46DE8}") = "04_Integration", "04_Integration", "{F72C6A87-4B05-44B4-B2E4-38E11DED44E2}"
EndProject
Project("{FAE04EC0-301F-11D3-BF4B-00C04F79EFBC}") = "Auth.Domain", "Auth.Domain\Auth.Domain.csproj", "{A25BBDDA-3B5D-402D-A8C5-660194F487E8}"
EndProject
Project("{FAE04EC0-301F-11D3-BF4B-00C04F79EFBC}") = "Auth.App", "Auth.App\Auth.App.csproj", "{271DB625-D8A5-465B-94A4-3DD9D46AA032}"
EndProject
Project("{FAE04EC0-301F-11D3-BF4B-00C04F79EFBC}") = "Auth.Infra", "Auth.Infra\Auth.Infra.csproj", "{14022E3C-83B5-4437-BA75-346379E68A31}"
EndProject
Project("{FAE04EC0-301F-11D3-BF4B-00C04F79EFBC}") = "Auth.EF_Core", "Auth.EF_Core\Auth.EF_Core.csproj", "{B866275E-3E04-4D51-879A-39B5DF302DFD}"
EndProject
Global
	GlobalSection(SolutionConfigurationPlatforms) = preSolution
		Debug|Any CPU = Debug|Any CPU
		Release|Any CPU = Release|Any CPU
	EndGlobalSection
	GlobalSection(ProjectConfigurationPlatforms) = postSolution
		{2259544A-01EF-43D9-AC72-D20D82DE6518}.Debug|Any CPU.ActiveCfg = Debug|Any CPU
		{2259544A-01EF-43D9-AC72-D20D82DE6518}.Debug|Any CPU.Build.0 = Debug|Any CPU
		{2259544A-01EF-43D9-AC72-D20D82DE6518}.Release|Any CPU.ActiveCfg = Release|Any CPU
		{2259544A-01EF-43D9-AC72-D20D82DE6518}.Release|Any CPU.Build.0 = Release|Any CPU
		{A25BBDDA-3B5D-402D-A8C5-660194F487E8}.Debug|Any CPU.ActiveCfg = Debug|Any CPU
		{A25BBDDA-3B5D-402D-A8C5-660194F487E8}.Debug|Any CPU.Build.0 = Debug|Any CPU
		{A25BBDDA-3B5D-402D-A8C5-660194F487E8}.Release|Any CPU.ActiveCfg = Release|Any CPU
		{A25BBDDA-3B5D-402D-A8C5-660194F487E8}.Release|Any CPU.Build.0 = Release|Any CPU
		{271DB625-D8A5-465B-94A4-3DD9D46AA032}.Debug|Any CPU.ActiveCfg = Debug|Any CPU
		{271DB625-D8A5-465B-94A4-3DD9D46AA032}.Debug|Any CPU.Build.0 = Debug|Any CPU
		{271DB625-D8A5-465B-94A4-3DD9D46AA032}.Release|Any CPU.ActiveCfg = Release|Any CPU
		{271DB625-D8A5-465B-94A4-3DD9D46AA032}.Release|Any CPU.Build.0 = Release|Any CPU
		{14022E3C-83B5-4437-BA75-346379E68A31}.Debug|Any CPU.ActiveCfg = Debug|Any CPU
		{14022E3C-83B5-4437-BA75-346379E68A31}.Debug|Any CPU.Build.0 = Debug|Any CPU
		{14022E3C-83B5-4437-BA75-346379E68A31}.Release|Any CPU.ActiveCfg = Release|Any CPU
		{14022E3C-83B5-4437-BA75-346379E68A31}.Release|Any CPU.Build.0 = Release|Any CPU
		{B866275E-3E04-4D51-879A-39B5DF302DFD}.Debug|Any CPU.ActiveCfg = Debug|Any CPU
		{B866275E-3E04-4D51-879A-39B5DF302DFD}.Debug|Any CPU.Build.0 = Debug|Any CPU
		{B866275E-3E04-4D51-879A-39B5DF302DFD}.Release|Any CPU.ActiveCfg = Release|Any CPU
		{B866275E-3E04-4D51-879A-39B5DF302DFD}.Release|Any CPU.Build.0 = Release|Any CPU
	EndGlobalSection
	GlobalSection(SolutionProperties) = preSolution
		HideSolutionNode = FALSE
	EndGlobalSection
	GlobalSection(NestedProjects) = preSolution
		{2259544A-01EF-43D9-AC72-D20D82DE6518} = {1B49EE88-45E1-455D-B743-2FC0A16DF38D}
		{A25BBDDA-3B5D-402D-A8C5-660194F487E8} = {5E7052CA-3247-4BE3-B69A-71FDAE537586}
		{271DB625-D8A5-465B-94A4-3DD9D46AA032} = {13E8E51D-040E-4E7B-BE93-A2CE5E81B88F}
		{14022E3C-83B5-4437-BA75-346379E68A31} = {7B34CA18-9167-44C6-AFF6-BFE1A891DC78}
		{B866275E-3E04-4D51-879A-39B5DF302DFD} = {7B34CA18-9167-44C6-AFF6-BFE1A891DC78}
	EndGlobalSection
	GlobalSection(ExtensibilityGlobals) = postSolution
		SolutionGuid = {C9268EF1-607D-4783-92CF-DA7B30998A1D}
	EndGlobalSection
EndGlobal
